
Microsoft Visual Studio Solution File, Format Version 12.00
# Visual Studio Version 16
VisualStudioVersion = 25.0.1705.6
MinimumVisualStudioVersion = 10.0.40219.1
Project("{FAE04EC0-301F-11D3-BF4B-00C04F79EFBC}") = "ApiAds", "ApiAds.csproj", "{67046615-5085-4DB4-BFE5-B8A60B7159C6}"
EndProject
Global
	GlobalSection(SolutionConfigurationPlatforms) = preSolution
		Debug|Any CPU = Debug|Any CPU
		Release|Any CPU = Release|Any CPU
	EndGlobalSection
	GlobalSection(ProjectConfigurationPlatforms) = postSolution
		{67046615-5085-4DB4-BFE5-B8A60B7159C6}.Debug|Any CPU.ActiveCfg = Debug|Any CPU
		{67046615-5085-4DB4-BFE5-B8A60B7159C6}.Debug|Any CPU.Build.0 = Debug|Any CPU
		{67046615-5085-4DB4-BFE5-B8A60B7159C6}.Release|Any CPU.ActiveCfg = Release|Any CPU
		{67046615-5085-4DB4-BFE5-B8A60B7159C6}.Release|Any CPU.Build.0 = Release|Any CPU
	EndGlobalSection
	GlobalSection(SolutionProperties) = preSolution
		HideSolutionNode = FALSE
	EndGlobalSection
	GlobalSection(ExtensibilityGlobals) = postSolution
		SolutionGuid = {E149F9E1-2237-4D3A-AD23-6EFC37AC05C7}
	EndGlobalSection
EndGlobal
